
Microsoft Visual Studio Solution File, Format Version 12.00
# Blend for Visual Studio 15
VisualStudioVersion = 15.0.28307.645
MinimumVisualStudioVersion = 10.0.40219.1
Project("{FAE04EC0-301F-11D3-BF4B-00C04F79EFBC}") = "DiscordRPModifier", "DiscordRPModifier\DiscordRPModifier.csproj", "{D82E1BF4-0EB1-40A3-B0A6-1322C861A755}"
EndProject
Global
	GlobalSection(SolutionConfigurationPlatforms) = preSolution
		Debug|Any CPU = Debug|Any CPU
		Release|Any CPU = Release|Any CPU
	EndGlobalSection
	GlobalSection(ProjectConfigurationPlatforms) = postSolution
		{D82E1BF4-0EB1-40A3-B0A6-1322C861A755}.Debug|Any CPU.ActiveCfg = Debug|Any CPU
		{D82E1BF4-0EB1-40A3-B0A6-1322C861A755}.Debug|Any CPU.Build.0 = Debug|Any CPU
		{D82E1BF4-0EB1-40A3-B0A6-1322C861A755}.Release|Any CPU.ActiveCfg = Release|Any CPU
		{D82E1BF4-0EB1-40A3-B0A6-1322C861A755}.Release|Any CPU.Build.0 = Release|Any CPU
	EndGlobalSection
	GlobalSection(SolutionProperties) = preSolution
		HideSolutionNode = FALSE
	EndGlobalSection
	GlobalSection(ExtensibilityGlobals) = postSolution
		SolutionGuid = {826A47C9-C667-40CB-90D2-12A824AA17AC}
	EndGlobalSection
EndGlobal
